{
  "name": "bookify",
  "lockfileVersion": 3,
  "requires": true,
  "packages": {
    "": {
      "dependencies": {
        "jwt-encode": "^1.0.1",
        "nodemailer": "^6.9.16"
      }
    },
    "node_modules/jwt-encode": {
      "version": "1.0.1",
      "resolved": "https://registry.npmjs.org/jwt-encode/-/jwt-encode-1.0.1.tgz",
      "integrity": "sha512-QrGiNhynbAYyFdbC1GbjborzenSFs5Ga+2nE0uBokGXsH11xrgd1AX55HR7P+wGQyyZOn6LUO5iKlh74dlhBkA==",
      "license": "BSD-3-Clause",
      "dependencies": {
        "ts.cryptojs256": "^1.0.1"
      }
    },
    "node_modules/nodemailer": {
      "version": "6.9.16",
      "resolved": "https://registry.npmjs.org/nodemailer/-/nodemailer-6.9.16.tgz",
      "integrity": "sha512-psAuZdTIRN08HKVd/E8ObdV6NO7NTBY3KsC30F7M4H1OnmLCUNaS56FpYxyb26zWLSyYF9Ozch9KYHhHegsiOQ==",
      "license": "MIT-0",
      "engines": {
        "node": ">=6.0.0"
      }
    },
    "node_modules/ts.cryptojs256": {
      "version": "1.0.1",
      "resolved": "https://registry.npmjs.org/ts.cryptojs256/-/ts.cryptojs256-1.0.1.tgz",
      "integrity": "sha512-9XtEgRVOZBCdpPcCEhfvv9I2AVXdvfI81I/KpFM0wEfbq5JVHlXH7bfIjGQmYrIHGiBEHKsIaStQ87k926J7dA==",
      "license": "Apache-2.0"
    }
  }
}
